
Microsoft Visual Studio Solution File, Format Version 12.00
# Visual Studio Version 16
VisualStudioVersion = 16.0.31005.135
MinimumVisualStudioVersion = 10.0.40219.1
Project("{FAE04EC0-301F-11D3-BF4B-00C04F79EFBC}") = "store-management-system-final", "store-management-system-final\store-management-system-final.csproj", "{77DFB5F3-0168-49A5-AA9D-769CAE3FFB95}"
EndProject
Global
	GlobalSection(SolutionConfigurationPlatforms) = preSolution
		Debug|Any CPU = Debug|Any CPU
		Release|Any CPU = Release|Any CPU
	EndGlobalSection
	GlobalSection(ProjectConfigurationPlatforms) = postSolution
		{77DFB5F3-0168-49A5-AA9D-769CAE3FFB95}.Debug|Any CPU.ActiveCfg = Debug|Any CPU
		{77DFB5F3-0168-49A5-AA9D-769CAE3FFB95}.Debug|Any CPU.Build.0 = Debug|Any CPU
		{77DFB5F3-0168-49A5-AA9D-769CAE3FFB95}.Release|Any CPU.ActiveCfg = Release|Any CPU
		{77DFB5F3-0168-49A5-AA9D-769CAE3FFB95}.Release|Any CPU.Build.0 = Release|Any CPU
	EndGlobalSection
	GlobalSection(SolutionProperties) = preSolution
		HideSolutionNode = FALSE
	EndGlobalSection
	GlobalSection(ExtensibilityGlobals) = postSolution
		SolutionGuid = {8ED0914F-8BEF-4A0A-807B-A811DFA4C0BD}
	EndGlobalSection
EndGlobal
